
Microsoft Visual Studio Solution File, Format Version 12.00
Project("{FAE04EC0-301F-11D3-BF4B-00C04F79EFBC}") = "CourseReviewWeb", "CourseReviewWeb\CourseReviewWeb.csproj", "{5F9254FE-8905-4FA0-835C-AD0CB0192EE4}"
EndProject
Global
	GlobalSection(SolutionConfigurationPlatforms) = preSolution
		Debug|Any CPU = Debug|Any CPU
		Release|Any CPU = Release|Any CPU
	EndGlobalSection
	GlobalSection(ProjectConfigurationPlatforms) = postSolution
		{5F9254FE-8905-4FA0-835C-AD0CB0192EE4}.Debug|Any CPU.ActiveCfg = Debug|Any CPU
		{5F9254FE-8905-4FA0-835C-AD0CB0192EE4}.Debug|Any CPU.Build.0 = Debug|Any CPU
		{5F9254FE-8905-4FA0-835C-AD0CB0192EE4}.Release|Any CPU.ActiveCfg = Release|Any CPU
		{5F9254FE-8905-4FA0-835C-AD0CB0192EE4}.Release|Any CPU.Build.0 = Release|Any CPU
	EndGlobalSection
EndGlobal
