
Microsoft Visual Studio Solution File, Format Version 12.00
Project("{FAE04EC0-301F-11D3-BF4B-00C04F79EFBC}") = "CourseReview", "CourseReview\CourseReview.csproj", "{0E158E3B-60DB-4990-85A5-A558B246A444}"
EndProject
Global
	GlobalSection(SolutionConfigurationPlatforms) = preSolution
		Debug|Any CPU = Debug|Any CPU
		Release|Any CPU = Release|Any CPU
	EndGlobalSection
	GlobalSection(ProjectConfigurationPlatforms) = postSolution
		{0E158E3B-60DB-4990-85A5-A558B246A444}.Debug|Any CPU.ActiveCfg = Debug|Any CPU
		{0E158E3B-60DB-4990-85A5-A558B246A444}.Debug|Any CPU.Build.0 = Debug|Any CPU
		{0E158E3B-60DB-4990-85A5-A558B246A444}.Release|Any CPU.ActiveCfg = Release|Any CPU
		{0E158E3B-60DB-4990-85A5-A558B246A444}.Release|Any CPU.Build.0 = Release|Any CPU
	EndGlobalSection
EndGlobal
